// !$*UTF8*$!
{
	archiveVersion = 1;
	classes = {
	};
	objectVersion = 46;
	objects = {

/* Begin PBXBuildFile section */
		7069444618EA0E7600F08E56 /* CollectionViewCell.m in Sources */ = {isa = PBXBuildFile; fileRef = 7069444518EA0E7600F08E56 /* CollectionViewCell.m */; };
		70B3451818E9E9420010D290 /* Foundation.framework in Frameworks */ = {isa = PBXBuildFile; fileRef = 70B3451718E9E9420010D290 /* Foundation.framework */; };
		70B3451A18E9E9420010D290 /* CoreGraphics.framework in Frameworks */ = {isa = PBXBuildFile; fileRef = 70B3451918E9E9420010D290 /* CoreGraphics.framework */; };
		70B3451C18E9E9420010D290 /* UIKit.framework in Frameworks */ = {isa = PBXBuildFile; fileRef = 70B3451B18E9E9420010D290 /* UIKit.framework */; };
		70B3452218E9E9420010D290 /* InfoPlist.strings in Resources */ = {isa = PBXBuildFile; fileRef = 70B3452018E9E9420010D290 /* InfoPlist.strings */; };
		70B3452418E9E9420010D290 /* main.m in Sources */ = {isa = PBXBuildFile; fileRef = 70B3452318E9E9420010D290 /* main.m */; };
		70B3452818E9E9420010D290 /* CMJAppDelegate.m in Sources */ = {isa = PBXBuildFile; fileRef = 70B3452718E9E9420010D290 /* CMJAppDelegate.m */; };
		70B3452B18E9E9420010D290 /* Main.storyboard in Resources */ = {isa = PBXBuildFile; fileRef = 70B3452918E9E9420010D290 /* Main.storyboard */; };
		70B3452E18E9E9420010D290 /* CMJViewController.m in Sources */ = {isa = PBXBuildFile; fileRef = 70B3452D18E9E9420010D290 /* CMJViewController.m */; };
		70B3453018E9E9420010D290 /* Images.xcassets in Resources */ = {isa = PBXBuildFile; fileRef = 70B3452F18E9E9420010D290 /* Images.xcassets */; };
		70B3453718E9E9420010D290 /* XCTest.framework in Frameworks */ = {isa = PBXBuildFile; fileRef = 70B3453618E9E9420010D290 /* XCTest.framework */; };
		70B3453818E9E9420010D290 /* Foundation.framework in Frameworks */ = {isa = PBXBuildFile; fileRef = 70B3451718E9E9420010D290 /* Foundation.framework */; };
		70B3453918E9E9420010D290 /* UIKit.framework in Frameworks */ = {isa = PBXBuildFile; fileRef = 70B3451B18E9E9420010D290 /* UIKit.framework */; };
		70B3454118E9E9420010D290 /* InfoPlist.strings in Resources */ = {isa = PBXBuildFile; fileRef = 70B3453F18E9E9420010D290 /* InfoPlist.strings */; };
		70B3454318E9E9420010D290 /* FavoritePhotosTests.m in Sources */ = {isa = PBXBuildFile; fileRef = 70B3454218E9E9420010D290 /* FavoritePhotosTests.m */; };
/* End PBXBuildFile section */

/* Begin PBXContainerItemProxy section */
		70B3453A18E9E9420010D290 /* PBXContainerItemProxy */ = {
			isa = PBXContainerItemProxy;
			containerPortal = 70B3450C18E9E9420010D290 /* Project object */;
			proxyType = 1;
			remoteGlobalIDString = 70B3451318E9E9420010D290;
			remoteInfo = FavoritePhotos;
		};
/* End PBXContainerItemProxy section */

/* Begin PBXFileReference section */
		7069444418EA0E7600F08E56 /* CollectionViewCell.h */ = {isa = PBXFileReference; fileEncoding = 4; lastKnownFileType = sourcecode.c.h; path = CollectionViewCell.h; sourceTree = "<group>"; };
		7069444518EA0E7600F08E56 /* CollectionViewCell.m */ = {isa = PBXFileReference; fileEncoding = 4; lastKnownFileType = sourcecode.c.objc; path = CollectionViewCell.m; sourceTree = "<group>"; };
		70B3451418E9E9420010D290 /* FavoritePhotos.app */ = {isa = PBXFileReference; explicitFileType = wrapper.application; includeInIndex = 0; path = FavoritePhotos.app; sourceTree = BUILT_PRODUCTS_DIR; };
		70B3451718E9E9420010D290 /* Foundation.framework */ = {isa = PBXFileReference; lastKnownFileType = wrapper.framework; name = Foundation.framework; path = System/Library/Frameworks/Foundation.framework; sourceTree = SDKROOT; };
		70B3451918E9E9420010D290 /* CoreGraphics.framework */ = {isa = PBXFileReference; lastKnownFileType = wrapper.framework; name = CoreGraphics.framework; path = System/Library/Frameworks/CoreGraphics.framework; sourceTree = SDKROOT; };
		70B3451B18E9E9420010D290 /* UIKit.framework */ = {isa = PBXFileReference; lastKnownFileType = wrapper.framework; name = UIKit.framework; path = System/Library/Frameworks/UIKit.framework; sourceTree = SDKROOT; };
		70B3451F18E9E9420010D290 /* FavoritePhotos-Info.plist */ = {isa = PBXFileReference; lastKnownFileType = text.plist.xml; path = "FavoritePhotos-Info.plist"; sourceTree = "<group>"; };
		70B3452118E9E9420010D290 /* en */ = {isa = PBXFileReference; lastKnownFileType = text.plist.strings; name = en; path = en.lproj/InfoPlist.strings; sourceTree = "<group>"; };
		70B3452318E9E9420010D290 /* main.m */ = {isa = PBXFileReference; lastKnownFileType = sourcecode.c.objc; path = main.m; sourceTree = "<group>"; };
		70B3452518E9E9420010D290 /* FavoritePhotos-Prefix.pch */ = {isa = PBXFileReference; lastKnownFileType = sourcecode.c.h; path = "FavoritePhotos-Prefix.pch"; sourceTree = "<group>"; };
		70B3452618E9E9420010D290 /* CMJAppDelegate.h */ = {isa = PBXFileReference; lastKnownFileType = sourcecode.c.h; path = CMJAppDelegate.h; sourceTree = "<group>"; };
		70B3452718E9E9420010D290 /* CMJAppDelegate.m */ = {isa = PBXFileReference; lastKnownFileType = sourcecode.c.objc; path = CMJAppDelegate.m; sourceTree = "<group>"; };
		70B3452A18E9E9420010D290 /* Base */ = {isa = PBXFileReference; lastKnownFileType = file.storyboard; name = Base; path = Base.lproj/Main.storyboard; sourceTree = "<group>"; };
		70B3452C18E9E9420010D290 /* CMJViewController.h */ = {isa = PBXFileReference; lastKnownFileType = sourcecode.c.h; path = CMJViewController.h; sourceTree = "<group>"; };
		70B3452D18E9E9420010D290 /* CMJViewController.m */ = {isa = PBXFileReference; lastKnownFileType = sourcecode.c.objc; path = CMJViewController.m; sourceTree = "<group>"; };
		70B3452F18E9E9420010D290 /* Images.xcassets */ = {isa = PBXFileReference; lastKnownFileType = folder.assetcatalog; path = Images.xcassets; sourceTree = "<group>"; };
		70B3453518E9E9420010D290 /* FavoritePhotosTests.xctest */ = {isa = PBXFileReference; explicitFileType = wrapper.cfbundle; includeInIndex = 0; path = FavoritePhotosTests.xctest; sourceTree = BUILT_PRODUCTS_DIR; };
		70B3453618E9E9420010D290 /* XCTest.framework */ = {isa = PBXFileReference; lastKnownFileType = wrapper.framework; name = XCTest.framework; path = Library/Frameworks/XCTest.framework; sourceTree = DEVELOPER_DIR; };
		70B3453E18E9E9420010D290 /* FavoritePhotosTests-Info.plist */ = {isa = PBXFileReference; lastKnownFileType = text.plist.xml; path = "FavoritePhotosTests-Info.plist"; sourceTree = "<group>"; };
		70B3454018E9E9420010D290 /* en */ = {isa = PBXFileReference; lastKnownFileType = text.plist.strings; name = en; path = en.lproj/InfoPlist.strings; sourceTree = "<group>"; };
		70B3454218E9E9420010D290 /* FavoritePhotosTests.m */ = {isa = PBXFileReference; lastKnownFileType = sourcecode.c.objc; path = FavoritePhotosTests.m; sourceTree = "<group>"; };
/* End PBXFileReference section */

/* Begin PBXFrameworksBuildPhase section */
		70B3451118E9E9420010D290 /* Frameworks */ = {
			isa = PBXFrameworksBuildPhase;
			buildActionMask = 2147483647;
			files = (
				70B3451A18E9E9420010D290 /* CoreGraphics.framework in Frameworks */,
				70B3451C18E9E9420010D290 /* UIKit.framework in Frameworks */,
				70B3451818E9E9420010D290 /* Foundation.framework in Frameworks */,
			);
			runOnlyForDeploymentPostprocessing = 0;
		};
		70B3453218E9E9420010D290 /* Frameworks */ = {
			isa = PBXFrameworksBuildPhase;
			buildActionMask = 2147483647;
			files = (
				70B3453718E9E9420010D290 /* XCTest.framework in Frameworks */,
				70B3453918E9E9420010D290 /* UIKit.framework in Frameworks */,
				70B3453818E9E9420010D290 /* Foundation.framework in Frameworks */,
			);
			runOnlyForDeploymentPostprocessing = 0;
		};
/* End PBXFrameworksBuildPhase section */

/* Begin PBXGroup section */
		70B3450B18E9E9420010D290 = {
			isa = PBXGroup;
			children = (
				70B3451D18E9E9420010D290 /* FavoritePhotos */,
				70B3453C18E9E9420010D290 /* FavoritePhotosTests */,
				70B3451618E9E9420010D290 /* Frameworks */,
				70B3451518E9E9420010D290 /* Products */,
			);
			sourceTree = "<group>";
		};
		70B3451518E9E9420010D290 /* Products */ = {
			isa = PBXGroup;
			children = (
				70B3451418E9E9420010D290 /* FavoritePhotos.app */,
				70B3453518E9E9420010D290 /* FavoritePhotosTests.xctest */,
			);
			name = Products;
			sourceTree = "<group>";
		};
		70B3451618E9E9420010D290 /* Frameworks */ = {
			isa = PBXGroup;
			children = (
				70B3451718E9E9420010D290 /* Foundation.framework */,
				70B3451918E9E9420010D290 /* CoreGraphics.framework */,
				70B3451B18E9E9420010D290 /* UIKit.framework */,
				70B3453618E9E9420010D290 /* XCTest.framework */,
			);
			name = Frameworks;
			sourceTree = "<group>";
		};
		70B3451D18E9E9420010D290 /* FavoritePhotos */ = {
			isa = PBXGroup;
			children = (
				70B3452618E9E9420010D290 /* CMJAppDelegate.h */,
				70B3452718E9E9420010D290 /* CMJAppDelegate.m */,
				70B3452918E9E9420010D290 /* Main.storyboard */,
				70B3452C18E9E9420010D290 /* CMJViewController.h */,
				70B3452D18E9E9420010D290 /* CMJViewController.m */,
				7069444418EA0E7600F08E56 /* CollectionViewCell.h */,
				7069444518EA0E7600F08E56 /* CollectionViewCell.m */,
				70B3452F18E9E9420010D290 /* Images.xcassets */,
				70B3451E18E9E9420010D290 /* Supporting Files */,
			);
			path = FavoritePhotos;
			sourceTree = "<group>";
		};
		70B3451E18E9E9420010D290 /* Supporting Files */ = {
			isa = PBXGroup;
			children = (
				70B3451F18E9E9420010D290 /* FavoritePhotos-Info.plist */,
				70B3452018E9E9420010D290 /* InfoPlist.strings */,
				70B3452318E9E9420010D290 /* main.m */,
				70B3452518E9E9420010D290 /* FavoritePhotos-Prefix.pch */,
			);
			name = "Supporting Files";
			sourceTree = "<group>";
		};
		70B3453C18E9E9420010D290 /* FavoritePhotosTests */ = {
			isa = PBXGroup;
			children = (
				70B3454218E9E9420010D290 /* FavoritePhotosTests.m */,
				70B3453D18E9E9420010D290 /* Supporting Files */,
			);
			path = FavoritePhotosTests;
			sourceTree = "<group>";
		};
		70B3453D18E9E9420010D290 /* Supporting Files */ = {
			isa = PBXGroup;
			children = (
				70B3453E18E9E9420010D290 /* FavoritePhotosTests-Info.plist */,
				70B3453F18E9E9420010D290 /* InfoPlist.strings */,
			);
			name = "Supporting Files";
			sourceTree = "<group>";
		};
/* End PBXGroup section */

/* Begin PBXNativeTarget section */
		70B3451318E9E9420010D290 /* FavoritePhotos */ = {
			isa = PBXNativeTarget;
			buildConfigurationList = 70B3454618E9E9420010D290 /* Build configuration list for PBXNativeTarget "FavoritePhotos" */;
			buildPhases = (
				70B3451018E9E9420010D290 /* Sources */,
				70B3451118E9E9420010D290 /* Frameworks */,
				70B3451218E9E9420010D290 /* Resources */,
			);
			buildRules = (
			);
			dependencies = (
			);
			name = FavoritePhotos;
			productName = FavoritePhotos;
			productReference = 70B3451418E9E9420010D290 /* FavoritePhotos.app */;
			productType = "com.apple.product-type.application";
		};
		70B3453418E9E9420010D290 /* FavoritePhotosTests */ = {
			isa = PBXNativeTarget;
			buildConfigurationList = 70B3454918E9E9420010D290 /* Build configuration list for PBXNativeTarget "FavoritePhotosTests" */;
			buildPhases = (
				70B3453118E9E9420010D290 /* Sources */,
				70B3453218E9E9420010D290 /* Frameworks */,
				70B3453318E9E9420010D290 /* Resources */,
			);
			buildRules = (
			);
			dependencies = (
				70B3453B18E9E9420010D290 /* PBXTargetDependency */,
			);
			name = FavoritePhotosTests;
			productName = FavoritePhotosTests;
			productReference = 70B3453518E9E9420010D290 /* FavoritePhotosTests.xctest */;
			productType = "com.apple.product-type.bundle.unit-test";
		};
/* End PBXNativeTarget section */

/* Begin PBXProject section */
		70B3450C18E9E9420010D290 /* Project object */ = {
			isa = PBXProject;
			attributes = {
				CLASSPREFIX = CMJ;
				LastUpgradeCheck = 0510;
				ORGANIZATIONNAME = "Claire Jencks";
				TargetAttributes = {
					70B3453418E9E9420010D290 = {
						TestTargetID = 70B3451318E9E9420010D290;
					};
				};
			};
			buildConfigurationList = 70B3450F18E9E9420010D290 /* Build configuration list for PBXProject "FavoritePhotos" */;
			compatibilityVersion = "Xcode 3.2";
			developmentRegion = English;
			hasScannedForEncodings = 0;
			knownRegions = (
				en,
				Base,
			);
			mainGroup = 70B3450B18E9E9420010D290;
			productRefGroup = 70B3451518E9E9420010D290 /* Products */;
			projectDirPath = "";
			projectRoot = "";
			targets = (
				70B3451318E9E9420010D290 /* FavoritePhotos */,
				70B3453418E9E9420010D290 /* FavoritePhotosTests */,
			);
		};
/* End PBXProject section */

/* Begin PBXResourcesBuildPhase section */
		70B3451218E9E9420010D290 /* Resources */ = {
			isa = PBXResourcesBuildPhase;
			buildActionMask = 2147483647;
			files = (
				70B3453018E9E9420010D290 /* Images.xcassets in Resources */,
				70B3452218E9E9420010D290 /* InfoPlist.strings in Resources */,
				70B3452B18E9E9420010D290 /* Main.storyboard in Resources */,
			);
			runOnlyForDeploymentPostprocessing = 0;
		};
		70B3453318E9E9420010D290 /* Resources */ = {
			isa = PBXResourcesBuildPhase;
			buildActionMask = 2147483647;
			files = (
				70B3454118E9E9420010D290 /* InfoPlist.strings in Resources */,
			);
			runOnlyForDeploymentPostprocessing = 0;
		};
/* End PBXResourcesBuildPhase section */

/* Begin PBXSourcesBuildPhase section */
		70B3451018E9E9420010D290 /* Sources */ = {
			isa = PBXSourcesBuildPhase;
			buildActionMask = 2147483647;
			files = (
				70B3452E18E9E9420010D290 /* CMJViewController.m in Sources */,
				70B3452418E9E9420010D290 /* main.m in Sources */,
				7069444618EA0E7600F08E56 /* CollectionViewCell.m in Sources */,
				70B3452818E9E9420010D290 /* CMJAppDelegate.m in Sources */,
			);
			runOnlyForDeploymentPostprocessing = 0;
		};
		70B3453118E9E9420010D290 /* Sources */ = {
			isa = PBXSourcesBuildPhase;
			buildActionMask = 2147483647;
			files = (
				70B3454318E9E9420010D290 /* FavoritePhotosTests.m in Sources */,
			);
			runOnlyForDeploymentPostprocessing = 0;
		};
/* End PBXSourcesBuildPhase section */

/* Begin PBXTargetDependency section */
		70B3453B18E9E9420010D290 /* PBXTargetDependency */ = {
			isa = PBXTargetDependency;
			target = 70B3451318E9E9420010D290 /* FavoritePhotos */;
			targetProxy = 70B3453A18E9E9420010D290 /* PBXContainerItemProxy */;
		};
/* End PBXTargetDependency section */

/* Begin PBXVariantGroup section */
		70B3452018E9E9420010D290 /* InfoPlist.strings */ = {
			isa = PBXVariantGroup;
			children = (
				70B3452118E9E9420010D290 /* en */,
			);
			name = InfoPlist.strings;
			sourceTree = "<group>";
		};
		70B3452918E9E9420010D290 /* Main.storyboard */ = {
			isa = PBXVariantGroup;
			children = (
				70B3452A18E9E9420010D290 /* Base */,
			);
			name = Main.storyboard;
			sourceTree = "<group>";
		};
		70B3453F18E9E9420010D290 /* InfoPlist.strings */ = {
			isa = PBXVariantGroup;
			children = (
				70B3454018E9E9420010D290 /* en */,
			);
			name = InfoPlist.strings;
			sourceTree = "<group>";
		};
/* End PBXVariantGroup section */

/* Begin XCBuildConfiguration section */
		70B3454418E9E9420010D290 /* Debug */ = {
			isa = XCBuildConfiguration;
			buildSettings = {
				ALWAYS_SEARCH_USER_PATHS = NO;
				CLANG_CXX_LANGUAGE_STANDARD = "gnu++0x";
				CLANG_CXX_LIBRARY = "libc++";
				CLANG_ENABLE_MODULES = YES;
				CLANG_ENABLE_OBJC_ARC = YES;
				CLANG_WARN_BOOL_CONVERSION = YES;
				CLANG_WARN_CONSTANT_CONVERSION = YES;
				CLANG_WARN_DIRECT_OBJC_ISA_USAGE = YES_ERROR;
				CLANG_WARN_EMPTY_BODY = YES;
				CLANG_WARN_ENUM_CONVERSION = YES;
				CLANG_WARN_INT_CONVERSION = YES;
				CLANG_WARN_OBJC_ROOT_CLASS = YES_ERROR;
				CLANG_WARN__DUPLICATE_METHOD_MATCH = YES;
				"CODE_SIGN_IDENTITY[sdk=iphoneos*]" = "iPhone Developer";
				COPY_PHASE_STRIP = NO;
				GCC_C_LANGUAGE_STANDARD = gnu99;
				GCC_DYNAMIC_NO_PIC = NO;
				GCC_OPTIMIZATION_LEVEL = 0;
				GCC_PREPROCESSOR_DEFINITIONS = (
					"DEBUG=1",
					"$(inherited)",
				);
				GCC_SYMBOLS_PRIVATE_EXTERN = NO;
				GCC_WARN_64_TO_32_BIT_CONVERSION = YES;
				GCC_WARN_ABOUT_RETURN_TYPE = YES_ERROR;
				GCC_WARN_UNDECLARED_SELECTOR = YES;
				GCC_WARN_UNINITIALIZED_AUTOS = YES_AGGRESSIVE;
				GCC_WARN_UNUSED_FUNCTION = YES;
				GCC_WARN_UNUSED_VARIABLE = YES;
				IPHONEOS_DEPLOYMENT_TARGET = 7.1;
				ONLY_ACTIVE_ARCH = YES;
				SDKROOT = iphoneos;
			};
			name = Debug;
		};
		70B3454518E9E9420010D290 /* Release */ = {
			isa = XCBuildConfiguration;
			buildSettings = {
				ALWAYS_SEARCH_USER_PATHS = NO;
				CLANG_CXX_LANGUAGE_STANDARD = "gnu++0x";
				CLANG_CXX_LIBRARY = "libc++";
				CLANG_ENABLE_MODULES = YES;
				CLANG_ENABLE_OBJC_ARC = YES;
				CLANG_WARN_BOOL_CONVERSION = YES;
				CLANG_WARN_CONSTANT_CONVERSION = YES;
				CLANG_WARN_DIRECT_OBJC_ISA_USAGE = YES_ERROR;
				CLANG_WARN_EMPTY_BODY = YES;
				CLANG_WARN_ENUM_CONVERSION = YES;
				CLANG_WARN_INT_CONVERSION = YES;
				CLANG_WARN_OBJC_ROOT_CLASS = YES_ERROR;
				CLANG_WARN__DUPLICATE_METHOD_MATCH = YES;
				"CODE_SIGN_IDENTITY[sdk=iphoneos*]" = "iPhone Developer";
				COPY_PHASE_STRIP = YES;
				ENABLE_NS_ASSERTIONS = NO;
				GCC_C_LANGUAGE_STANDARD = gnu99;
				GCC_WARN_64_TO_32_BIT_CONVERSION = YES;
				GCC_WARN_ABOUT_RETURN_TYPE = YES_ERROR;
				GCC_WARN_UNDECLARED_SELECTOR = YES;
				GCC_WARN_UNINITIALIZED_AUTOS = YES_AGGRESSIVE;
				GCC_WARN_UNUSED_FUNCTION = YES;
				GCC_WARN_UNUSED_VARIABLE = YES;
				IPHONEOS_DEPLOYMENT_TARGET = 7.1;
				SDKROOT = iphoneos;
				VALIDATE_PRODUCT = YES;
			};
			name = Release;
		};
		70B3454718E9E9420010D290 /* Debug */ = {
			isa = XCBuildConfiguration;
			buildSettings = {
				ASSETCATALOG_COMPILER_APPICON_NAME = AppIcon;
				ASSETCATALOG_COMPILER_LAUNCHIMAGE_NAME = LaunchImage;
				GCC_PRECOMPILE_PREFIX_HEADER = YES;
				GCC_PREFIX_HEADER = "FavoritePhotos/FavoritePhotos-Prefix.pch";
				INFOPLIST_FILE = "FavoritePhotos/FavoritePhotos-Info.plist";
				PRODUCT_NAME = "$(TARGET_NAME)";
				WRAPPER_EXTENSION = app;
			};
			name = Debug;
		};
		70B3454818E9E9420010D290 /* Release */ = {
			isa = XCBuildConfiguration;
			buildSettings = {
				ASSETCATALOG_COMPILER_APPICON_NAME = AppIcon;
				ASSETCATALOG_COMPILER_LAUNCHIMAGE_NAME = LaunchImage;
				GCC_PRECOMPILE_PREFIX_HEADER = YES;
				GCC_PREFIX_HEADER = "FavoritePhotos/FavoritePhotos-Prefix.pch";
				INFOPLIST_FILE = "FavoritePhotos/FavoritePhotos-Info.plist";
				PRODUCT_NAME = "$(TARGET_NAME)";
				WRAPPER_EXTENSION = app;
			};
			name = Release;
		};
		70B3454A18E9E9420010D290 /* Debug */ = {
			isa = XCBuildConfiguration;
			buildSettings = {
				BUNDLE_LOADER = "$(BUILT_PRODUCTS_DIR)/FavoritePhotos.app/FavoritePhotos";
				FRAMEWORK_SEARCH_PATHS = (
					"$(SDKROOT)/Developer/Library/Frameworks",
					"$(inherited)",
					"$(DEVELOPER_FRAMEWORKS_DIR)",
				);
				GCC_PRECOMPILE_PREFIX_HEADER = YES;
				GCC_PREFIX_HEADER = "FavoritePhotos/FavoritePhotos-Prefix.pch";
				GCC_PREPROCESSOR_DEFINITIONS = (
					"DEBUG=1",
					"$(inherited)",
				);
				INFOPLIST_FILE = "FavoritePhotosTests/FavoritePhotosTests-Info.plist";
				PRODUCT_NAME = "$(TARGET_NAME)";
				TEST_HOST = "$(BUNDLE_LOADER)";
				WRAPPER_EXTENSION = xctest;
			};
			name = Debug;
		};
		70B3454B18E9E9420010D290 /* Release */ = {
			isa = XCBuildConfiguration;
			buildSettings = {
				BUNDLE_LOADER = "$(BUILT_PRODUCTS_DIR)/FavoritePhotos.app/FavoritePhotos";
				FRAMEWORK_SEARCH_PATHS = (
					"$(SDKROOT)/Developer/Library/Frameworks",
					"$(inherited)",
					"$(DEVELOPER_FRAMEWORKS_DIR)",
				);
				GCC_PRECOMPILE_PREFIX_HEADER = YES;
				GCC_PREFIX_HEADER = "FavoritePhotos/FavoritePhotos-Prefix.pch";
				INFOPLIST_FILE = "FavoritePhotosTests/FavoritePhotosTests-Info.plist";
				PRODUCT_NAME = "$(TARGET_NAME)";
				TEST_HOST = "$(BUNDLE_LOADER)";
				WRAPPER_EXTENSION = xctest;
			};
			name = Release;
		};
/* End XCBuildConfiguration section */

/* Begin XCConfigurationList section */
		70B3450F18E9E9420010D290 /* Build configuration list for PBXProject "FavoritePhotos" */ = {
			isa = XCConfigurationList;
			buildConfigurations = (
				70B3454418E9E9420010D290 /* Debug */,
				70B3454518E9E9420010D290 /* Release */,
			);
			defaultConfigurationIsVisible = 0;
			defaultConfigurationName = Release;
		};
		70B3454618E9E9420010D290 /* Build configuration list for PBXNativeTarget "FavoritePhotos" */ = {
			isa = XCConfigurationList;
			buildConfigurations = (
				70B3454718E9E9420010D290 /* Debug */,
				70B3454818E9E9420010D290 /* Release */,
			);
			defaultConfigurationIsVisible = 0;
			defaultConfigurationName = Release;
		};
		70B3454918E9E9420010D290 /* Build configuration list for PBXNativeTarget "FavoritePhotosTests" */ = {
			isa = XCConfigurationList;
			buildConfigurations = (
				70B3454A18E9E9420010D290 /* Debug */,
				70B3454B18E9E9420010D290 /* Release */,
			);
			defaultConfigurationIsVisible = 0;
			defaultConfigurationName = Release;
		};
/* End XCConfigurationList section */
	};
	rootObject = 70B3450C18E9E9420010D290 /* Project object */;
}
